
Microsoft Visual Studio Solution File, Format Version 12.00
# Visual Studio Version 17
VisualStudioVersion = 17.9.34728.123
MinimumVisualStudioVersion = 10.0.40219.1
Project("{FAE04EC0-301F-11D3-BF4B-00C04F79EFBC}") = "MusicaMVC", "MusicaMVC\MusicaMVC.csproj", "{450F39CB-7A8D-4BC4-B92B-2CCA5C30CD12}"
EndProject
Global
	GlobalSection(SolutionConfigurationPlatforms) = preSolution
		Debug|Any CPU = Debug|Any CPU
		Release|Any CPU = Release|Any CPU
	EndGlobalSection
	GlobalSection(ProjectConfigurationPlatforms) = postSolution
		{450F39CB-7A8D-4BC4-B92B-2CCA5C30CD12}.Debug|Any CPU.ActiveCfg = Debug|Any CPU
		{450F39CB-7A8D-4BC4-B92B-2CCA5C30CD12}.Debug|Any CPU.Build.0 = Debug|Any CPU
		{450F39CB-7A8D-4BC4-B92B-2CCA5C30CD12}.Release|Any CPU.ActiveCfg = Release|Any CPU
		{450F39CB-7A8D-4BC4-B92B-2CCA5C30CD12}.Release|Any CPU.Build.0 = Release|Any CPU
	EndGlobalSection
	GlobalSection(SolutionProperties) = preSolution
		HideSolutionNode = FALSE
	EndGlobalSection
	GlobalSection(ExtensibilityGlobals) = postSolution
		SolutionGuid = {3C60B05A-4A4F-4841-8EC2-412B6F0D3250}
	EndGlobalSection
EndGlobal
